
Microsoft Visual Studio Solution File, Format Version 12.00
# Visual Studio Version 16
VisualStudioVersion = 16.0.32126.315
MinimumVisualStudioVersion = 10.0.40219.1
Project("{FAE04EC0-301F-11D3-BF4B-00C04F79EFBC}") = "Prestarter", "Prestarter\Prestarter.csproj", "{18AAD5E5-91E4-49CE-9ABA-5481D010D83B}"
EndProject
Project("{2150E333-8FDC-42A3-9474-1A3956D46DE8}") = "common", "common", "{B539A9B4-063C-43B4-8A09-AE1DAF19B220}"
	ProjectSection(SolutionItems) = preProject
		.gitignore = .gitignore
		LICENSE.txt = LICENSE.txt
		README.md = README.md
	EndProjectSection
EndProject
Global
	GlobalSection(SolutionConfigurationPlatforms) = preSolution
		Debug|Any CPU = Debug|Any CPU
		Release|Any CPU = Release|Any CPU
	EndGlobalSection
	GlobalSection(ProjectConfigurationPlatforms) = postSolution
		{18AAD5E5-91E4-49CE-9ABA-5481D010D83B}.Debug|Any CPU.ActiveCfg = Debug|Any CPU
		{18AAD5E5-91E4-49CE-9ABA-5481D010D83B}.Debug|Any CPU.Build.0 = Debug|Any CPU
		{18AAD5E5-91E4-49CE-9ABA-5481D010D83B}.Release|Any CPU.ActiveCfg = Release|Any CPU
		{18AAD5E5-91E4-49CE-9ABA-5481D010D83B}.Release|Any CPU.Build.0 = Release|Any CPU
	EndGlobalSection
	GlobalSection(SolutionProperties) = preSolution
		HideSolutionNode = FALSE
	EndGlobalSection
	GlobalSection(ExtensibilityGlobals) = postSolution
		SolutionGuid = {2C6FCF19-8279-4C22-B6F2-379E5F9E4866}
	EndGlobalSection
EndGlobal
